
Microsoft Visual Studio Solution File, Format Version 12.00
# Visual Studio Version 17
VisualStudioVersion = 17.7.34031.279
MinimumVisualStudioVersion = 10.0.40219.1
Project("{FAE04EC0-301F-11D3-BF4B-00C04F79EFBC}") = "API_DEMO", "API_DEMO.csproj", "{7BC73DAC-9342-4305-9D45-E2D5D0D39F59}"
EndProject
Project("{FAE04EC0-301F-11D3-BF4B-00C04F79EFBC}") = "API_DEMO_BAL", "..\API_BAL\API_DEMO_BAL.csproj", "{A45E2E0F-BC63-41BE-8D75-864D04EFAED5}"
EndProject
Project("{FAE04EC0-301F-11D3-BF4B-00C04F79EFBC}") = "API_DEMO_DAL", "..\API_DEMO_DAL\API_DEMO_DAL.csproj", "{DD72335C-AD46-43E4-B87E-0447BF2BE7A1}"
EndProject
Global
	GlobalSection(SolutionConfigurationPlatforms) = preSolution
		Debug|Any CPU = Debug|Any CPU
		Release|Any CPU = Release|Any CPU
	EndGlobalSection
	GlobalSection(ProjectConfigurationPlatforms) = postSolution
		{7BC73DAC-9342-4305-9D45-E2D5D0D39F59}.Debug|Any CPU.ActiveCfg = Debug|Any CPU
		{7BC73DAC-9342-4305-9D45-E2D5D0D39F59}.Debug|Any CPU.Build.0 = Debug|Any CPU
		{7BC73DAC-9342-4305-9D45-E2D5D0D39F59}.Release|Any CPU.ActiveCfg = Release|Any CPU
		{7BC73DAC-9342-4305-9D45-E2D5D0D39F59}.Release|Any CPU.Build.0 = Release|Any CPU
		{A45E2E0F-BC63-41BE-8D75-864D04EFAED5}.Debug|Any CPU.ActiveCfg = Debug|Any CPU
		{A45E2E0F-BC63-41BE-8D75-864D04EFAED5}.Debug|Any CPU.Build.0 = Debug|Any CPU
		{A45E2E0F-BC63-41BE-8D75-864D04EFAED5}.Release|Any CPU.ActiveCfg = Release|Any CPU
		{A45E2E0F-BC63-41BE-8D75-864D04EFAED5}.Release|Any CPU.Build.0 = Release|Any CPU
		{DD72335C-AD46-43E4-B87E-0447BF2BE7A1}.Debug|Any CPU.ActiveCfg = Debug|Any CPU
		{DD72335C-AD46-43E4-B87E-0447BF2BE7A1}.Debug|Any CPU.Build.0 = Debug|Any CPU
		{DD72335C-AD46-43E4-B87E-0447BF2BE7A1}.Release|Any CPU.ActiveCfg = Release|Any CPU
		{DD72335C-AD46-43E4-B87E-0447BF2BE7A1}.Release|Any CPU.Build.0 = Release|Any CPU
	EndGlobalSection
	GlobalSection(SolutionProperties) = preSolution
		HideSolutionNode = FALSE
	EndGlobalSection
	GlobalSection(ExtensibilityGlobals) = postSolution
		SolutionGuid = {98C6ACD5-9E1A-41B7-AC04-800B94D409B9}
	EndGlobalSection
EndGlobal
